
Microsoft Visual Studio Solution File, Format Version 12.00
# Visual Studio Version 16
VisualStudioVersion = 16.0.31613.86
MinimumVisualStudioVersion = 10.0.40219.1
Project("{FAE04EC0-301F-11D3-BF4B-00C04F79EFBC}") = "IntecapBooks", "IntecapBooks\IntecapBooks.csproj", "{1505C072-4B1B-4622-A23E-E0C3FCDD51DD}"
EndProject
Global
	GlobalSection(SolutionConfigurationPlatforms) = preSolution
		Debug|Any CPU = Debug|Any CPU
		Release|Any CPU = Release|Any CPU
	EndGlobalSection
	GlobalSection(ProjectConfigurationPlatforms) = postSolution
		{1505C072-4B1B-4622-A23E-E0C3FCDD51DD}.Debug|Any CPU.ActiveCfg = Debug|Any CPU
		{1505C072-4B1B-4622-A23E-E0C3FCDD51DD}.Debug|Any CPU.Build.0 = Debug|Any CPU
		{1505C072-4B1B-4622-A23E-E0C3FCDD51DD}.Release|Any CPU.ActiveCfg = Release|Any CPU
		{1505C072-4B1B-4622-A23E-E0C3FCDD51DD}.Release|Any CPU.Build.0 = Release|Any CPU
	EndGlobalSection
	GlobalSection(SolutionProperties) = preSolution
		HideSolutionNode = FALSE
	EndGlobalSection
	GlobalSection(ExtensibilityGlobals) = postSolution
		SolutionGuid = {AFF1D36D-0287-432A-A82C-AB7D3D796F6B}
	EndGlobalSection
EndGlobal
