
Microsoft Visual Studio Solution File, Format Version 12.00
# Visual Studio Version 16
VisualStudioVersion = 16.0.31613.86
MinimumVisualStudioVersion = 10.0.40219.1
Project("{9A19103F-16F7-4668-BE54-9A1E7A4F7556}") = "IntecapBooks", "IntecapBooks\IntecapBooks.csproj", "{1505C072-4B1B-4622-A23E-E0C3FCDD51DD}"
EndProject
Project("{9A19103F-16F7-4668-BE54-9A1E7A4F7556}") = "IntecapBooks.Business", "IntecapBooks.Business\IntecapBooks.Business.csproj", "{CB7C5660-8E34-4659-80CA-7DD7C96A37E9}"
EndProject
Project("{9A19103F-16F7-4668-BE54-9A1E7A4F7556}") = "IntecapBooks.Infrastructure", "IntecapBooks.Infrastructure\IntecapBooks.Infrastructure.csproj", "{63AB9639-23EC-4379-95ED-DE4A6E1D79AB}"
EndProject
Project("{FAE04EC0-301F-11D3-BF4B-00C04F79EFBC}") = "IntecapBooks.Tests", "IntecapBooks.Tests\IntecapBooks.Tests.csproj", "{FE388478-C778-4205-BD63-085391234738}"
EndProject
Global
	GlobalSection(SolutionConfigurationPlatforms) = preSolution
		Debug|Any CPU = Debug|Any CPU
		Release|Any CPU = Release|Any CPU
	EndGlobalSection
	GlobalSection(ProjectConfigurationPlatforms) = postSolution
		{1505C072-4B1B-4622-A23E-E0C3FCDD51DD}.Debug|Any CPU.ActiveCfg = Debug|Any CPU
		{1505C072-4B1B-4622-A23E-E0C3FCDD51DD}.Debug|Any CPU.Build.0 = Debug|Any CPU
		{1505C072-4B1B-4622-A23E-E0C3FCDD51DD}.Release|Any CPU.ActiveCfg = Release|Any CPU
		{1505C072-4B1B-4622-A23E-E0C3FCDD51DD}.Release|Any CPU.Build.0 = Release|Any CPU
		{CB7C5660-8E34-4659-80CA-7DD7C96A37E9}.Debug|Any CPU.ActiveCfg = Debug|Any CPU
		{CB7C5660-8E34-4659-80CA-7DD7C96A37E9}.Debug|Any CPU.Build.0 = Debug|Any CPU
		{CB7C5660-8E34-4659-80CA-7DD7C96A37E9}.Release|Any CPU.ActiveCfg = Release|Any CPU
		{CB7C5660-8E34-4659-80CA-7DD7C96A37E9}.Release|Any CPU.Build.0 = Release|Any CPU
		{63AB9639-23EC-4379-95ED-DE4A6E1D79AB}.Debug|Any CPU.ActiveCfg = Debug|Any CPU
		{63AB9639-23EC-4379-95ED-DE4A6E1D79AB}.Debug|Any CPU.Build.0 = Debug|Any CPU
		{63AB9639-23EC-4379-95ED-DE4A6E1D79AB}.Release|Any CPU.ActiveCfg = Release|Any CPU
		{63AB9639-23EC-4379-95ED-DE4A6E1D79AB}.Release|Any CPU.Build.0 = Release|Any CPU
		{FE388478-C778-4205-BD63-085391234738}.Debug|Any CPU.ActiveCfg = Debug|Any CPU
		{FE388478-C778-4205-BD63-085391234738}.Debug|Any CPU.Build.0 = Debug|Any CPU
		{FE388478-C778-4205-BD63-085391234738}.Release|Any CPU.ActiveCfg = Release|Any CPU
		{FE388478-C778-4205-BD63-085391234738}.Release|Any CPU.Build.0 = Release|Any CPU
	EndGlobalSection
	GlobalSection(SolutionProperties) = preSolution
		HideSolutionNode = FALSE
	EndGlobalSection
	GlobalSection(ExtensibilityGlobals) = postSolution
		SolutionGuid = {AFF1D36D-0287-432A-A82C-AB7D3D796F6B}
	EndGlobalSection
EndGlobal
